
Microsoft Visual Studio Solution File, Format Version 12.00
# Visual Studio Version 16
VisualStudioVersion = 16.0.31229.75
MinimumVisualStudioVersion = 10.0.40219.1
Project("{FAE04EC0-301F-11D3-BF4B-00C04F79EFBC}") = "OAuth.Server", "OAuth.Server.csproj", "{E39F8E9F-C221-4909-874C-F5D130D37954}"
EndProject
Global
	GlobalSection(SolutionConfigurationPlatforms) = preSolution
		Debug|Any CPU = Debug|Any CPU
		Release|Any CPU = Release|Any CPU
	EndGlobalSection
	GlobalSection(ProjectConfigurationPlatforms) = postSolution
		{E39F8E9F-C221-4909-874C-F5D130D37954}.Debug|Any CPU.ActiveCfg = Debug|Any CPU
		{E39F8E9F-C221-4909-874C-F5D130D37954}.Debug|Any CPU.Build.0 = Debug|Any CPU
		{E39F8E9F-C221-4909-874C-F5D130D37954}.Release|Any CPU.ActiveCfg = Release|Any CPU
		{E39F8E9F-C221-4909-874C-F5D130D37954}.Release|Any CPU.Build.0 = Release|Any CPU
	EndGlobalSection
	GlobalSection(SolutionProperties) = preSolution
		HideSolutionNode = FALSE
	EndGlobalSection
	GlobalSection(ExtensibilityGlobals) = postSolution
		SolutionGuid = {6C73BA49-B8A0-4E58-A609-8D82A6372AB9}
	EndGlobalSection
EndGlobal
